// !$*UTF8*$!
{
	archiveVersion = 1;
	classes = {
	};
	objectVersion = 48;
	objects = {

/* Begin PBXBuildFile section */
		C52A9FC8200CA35200676D29 /* DUAAttributedView.swift in Sources */ = {isa = PBXBuildFile; fileRef = C52A9FC7200CA35200676D29 /* DUAAttributedView.swift */; };
		C52A9FF52010B90600676D29 /* DUAConVexLensView.swift in Sources */ = {isa = PBXBuildFile; fileRef = C52A9FF42010B90600676D29 /* DUAConVexLensView.swift */; };
		C5474F261FF3430E005B50B9 /* UIView+subScript.swift in Sources */ = {isa = PBXBuildFile; fileRef = C5474F251FF3430E005B50B9 /* UIView+subScript.swift */; };
		C5474F281FF3499D005B50B9 /* 郭黄之恋.txt in Resources */ = {isa = PBXBuildFile; fileRef = C5474F271FF3499D005B50B9 /* 郭黄之恋.txt */; };
		C5474F2D1FF37078005B50B9 /* DUAEpubDataParser.swift in Sources */ = {isa = PBXBuildFile; fileRef = C5474F2C1FF37078005B50B9 /* DUAEpubDataParser.swift */; };
		C57026772007590600E2288D /* DUAtranslationController.swift in Sources */ = {isa = PBXBuildFile; fileRef = C57026762007590600E2288D /* DUAtranslationController.swift */; };
		C5742F6B20085180000C077E /* BookMarkButton.swift in Sources */ = {isa = PBXBuildFile; fileRef = C5742F6A20085180000C077E /* BookMarkButton.swift */; };
		C5915BB51FFE2C6D00762D80 /* 每天懂一点好玩心理学.epub in Resources */ = {isa = PBXBuildFile; fileRef = C5915BB41FFE2C6D00762D80 /* 每天懂一点好玩心理学.epub */; };
		C5915BB71FFE347800762D80 /* bottomMenu.xib in Resources */ = {isa = PBXBuildFile; fileRef = C5915BB61FFE347800762D80 /* bottomMenu.xib */; };
		C5915BBC1FFF1C3E00762D80 /* topMenu.xib in Resources */ = {isa = PBXBuildFile; fileRef = C5915BBB1FFF1C3E00762D80 /* topMenu.xib */; };
		C5AD54321FFC78A800366097 /* DUAUtils.swift in Sources */ = {isa = PBXBuildFile; fileRef = C5AD54311FFC78A800366097 /* DUAUtils.swift */; };
		C5B877C21FFCA26E008844C5 /* libxml2.tbd in Frameworks */ = {isa = PBXBuildFile; fileRef = C5474F2A1FF363DE005B50B9 /* libxml2.tbd */; };
		C5B877C41FFCA318008844C5 /* ZipArchive.framework in Frameworks */ = {isa = PBXBuildFile; fileRef = C5B877C31FFCA318008844C5 /* ZipArchive.framework */; };
		C5B877C61FFCA395008844C5 /* TouchXML.framework in Frameworks */ = {isa = PBXBuildFile; fileRef = C5B877C51FFCA395008844C5 /* TouchXML.framework */; };
		C5BEC0C61FF1EE30002FAC5A /* AppDelegate.swift in Sources */ = {isa = PBXBuildFile; fileRef = C5BEC0C51FF1EE30002FAC5A /* AppDelegate.swift */; };
		C5BEC0C81FF1EE30002FAC5A /* ViewController.swift in Sources */ = {isa = PBXBuildFile; fileRef = C5BEC0C71FF1EE30002FAC5A /* ViewController.swift */; };
		C5BEC0CB1FF1EE30002FAC5A /* Main.storyboard in Resources */ = {isa = PBXBuildFile; fileRef = C5BEC0C91FF1EE30002FAC5A /* Main.storyboard */; };
		C5BEC0CD1FF1EE30002FAC5A /* Assets.xcassets in Resources */ = {isa = PBXBuildFile; fileRef = C5BEC0CC1FF1EE30002FAC5A /* Assets.xcassets */; };
		C5BEC0D01FF1EE30002FAC5A /* LaunchScreen.storyboard in Resources */ = {isa = PBXBuildFile; fileRef = C5BEC0CE1FF1EE30002FAC5A /* LaunchScreen.storyboard */; };
		C5BEC0DA1FF1EEEE002FAC5A /* DTCoreText.framework in Frameworks */ = {isa = PBXBuildFile; fileRef = C5BEC0D91FF1EEED002FAC5A /* DTCoreText.framework */; };
		C5BEC0E01FF1EF67002FAC5A /* DUAReader.swift in Sources */ = {isa = PBXBuildFile; fileRef = C5BEC0DF1FF1EF67002FAC5A /* DUAReader.swift */; };
		C5BEC0E21FF1EF95002FAC5A /* DUAPageViewController.swift in Sources */ = {isa = PBXBuildFile; fileRef = C5BEC0E11FF1EF95002FAC5A /* DUAPageViewController.swift */; };
		C5BEC0E41FF1EFAB002FAC5A /* DUABackViewController.swift in Sources */ = {isa = PBXBuildFile; fileRef = C5BEC0E31FF1EFAB002FAC5A /* DUABackViewController.swift */; };
		C5BEC0E61FF1EFD1002FAC5A /* DUAStatusBar.swift in Sources */ = {isa = PBXBuildFile; fileRef = C5BEC0E51FF1EFD1002FAC5A /* DUAStatusBar.swift */; };
		C5BEC0EC1FF1F0D6002FAC5A /* DUAChapterModel.swift in Sources */ = {isa = PBXBuildFile; fileRef = C5BEC0EB1FF1F0D6002FAC5A /* DUAChapterModel.swift */; };
		C5BEC0EE1FF1F0EB002FAC5A /* DUAPageModel.swift in Sources */ = {isa = PBXBuildFile; fileRef = C5BEC0ED1FF1F0EB002FAC5A /* DUAPageModel.swift */; };
		C5BEC0F01FF1F11F002FAC5A /* DUADataParser.swift in Sources */ = {isa = PBXBuildFile; fileRef = C5BEC0EF1FF1F11F002FAC5A /* DUADataParser.swift */; };
		C5BEC0F21FF1F14D002FAC5A /* DUATextDataParser.swift in Sources */ = {isa = PBXBuildFile; fileRef = C5BEC0F11FF1F14D002FAC5A /* DUATextDataParser.swift */; };
		C5BEC0F41FF1F15E002FAC5A /* DUAConfiguration.swift in Sources */ = {isa = PBXBuildFile; fileRef = C5BEC0F31FF1F15E002FAC5A /* DUAConfiguration.swift */; };
		C5F49C8B1FF5193F00FDFF3A /* DUATableView.swift in Sources */ = {isa = PBXBuildFile; fileRef = C5F49C8A1FF5193F00FDFF3A /* DUATableView.swift */; };
		C5F49C8D1FF5E43500FDFF3A /* DUATableViewCell.swift in Sources */ = {isa = PBXBuildFile; fileRef = C5F49C8C1FF5E43500FDFF3A /* DUATableViewCell.swift */; };
/* End PBXBuildFile section */

/* Begin PBXFileReference section */
		C52A9FC7200CA35200676D29 /* DUAAttributedView.swift */ = {isa = PBXFileReference; lastKnownFileType = sourcecode.swift; path = DUAAttributedView.swift; sourceTree = "<group>"; };
		C52A9FF42010B90600676D29 /* DUAConVexLensView.swift */ = {isa = PBXFileReference; lastKnownFileType = sourcecode.swift; path = DUAConVexLensView.swift; sourceTree = "<group>"; };
		C5474F251FF3430E005B50B9 /* UIView+subScript.swift */ = {isa = PBXFileReference; lastKnownFileType = sourcecode.swift; path = "UIView+subScript.swift"; sourceTree = "<group>"; };
		C5474F271FF3499D005B50B9 /* 郭黄之恋.txt */ = {isa = PBXFileReference; fileEncoding = 4; lastKnownFileType = text; path = "郭黄之恋.txt"; sourceTree = "<group>"; };
		C5474F2A1FF363DE005B50B9 /* libxml2.tbd */ = {isa = PBXFileReference; lastKnownFileType = "sourcecode.text-based-dylib-definition"; name = libxml2.tbd; path = usr/lib/libxml2.tbd; sourceTree = SDKROOT; };
		C5474F2C1FF37078005B50B9 /* DUAEpubDataParser.swift */ = {isa = PBXFileReference; lastKnownFileType = sourcecode.swift; path = DUAEpubDataParser.swift; sourceTree = "<group>"; };
		C57026762007590600E2288D /* DUAtranslationController.swift */ = {isa = PBXFileReference; fileEncoding = 4; lastKnownFileType = sourcecode.swift; path = DUAtranslationController.swift; sourceTree = "<group>"; };
		C5742F6A20085180000C077E /* BookMarkButton.swift */ = {isa = PBXFileReference; lastKnownFileType = sourcecode.swift; path = BookMarkButton.swift; sourceTree = "<group>"; };
		C5915BB41FFE2C6D00762D80 /* 每天懂一点好玩心理学.epub */ = {isa = PBXFileReference; lastKnownFileType = file; path = "每天懂一点好玩心理学.epub"; sourceTree = "<group>"; };
		C5915BB61FFE347800762D80 /* bottomMenu.xib */ = {isa = PBXFileReference; lastKnownFileType = file.xib; path = bottomMenu.xib; sourceTree = "<group>"; };
		C5915BBB1FFF1C3E00762D80 /* topMenu.xib */ = {isa = PBXFileReference; lastKnownFileType = file.xib; path = topMenu.xib; sourceTree = "<group>"; };
		C5AD54311FFC78A800366097 /* DUAUtils.swift */ = {isa = PBXFileReference; lastKnownFileType = sourcecode.swift; path = DUAUtils.swift; sourceTree = "<group>"; };
		C5B877C31FFCA318008844C5 /* ZipArchive.framework */ = {isa = PBXFileReference; lastKnownFileType = wrapper.framework; path = ZipArchive.framework; sourceTree = "<group>"; };
		C5B877C51FFCA395008844C5 /* TouchXML.framework */ = {isa = PBXFileReference; lastKnownFileType = wrapper.framework; path = TouchXML.framework; sourceTree = "<group>"; };
		C5B877C81FFCA786008844C5 /* module.modulemap */ = {isa = PBXFileReference; lastKnownFileType = "sourcecode.module-map"; path = module.modulemap; sourceTree = "<group>"; };
		C5BEC0C21FF1EE30002FAC5A /* DUAReader.app */ = {isa = PBXFileReference; explicitFileType = wrapper.application; includeInIndex = 0; path = DUAReader.app; sourceTree = BUILT_PRODUCTS_DIR; };
		C5BEC0C51FF1EE30002FAC5A /* AppDelegate.swift */ = {isa = PBXFileReference; lastKnownFileType = sourcecode.swift; path = AppDelegate.swift; sourceTree = "<group>"; };
		C5BEC0C71FF1EE30002FAC5A /* ViewController.swift */ = {isa = PBXFileReference; lastKnownFileType = sourcecode.swift; path = ViewController.swift; sourceTree = "<group>"; };
		C5BEC0CA1FF1EE30002FAC5A /* Base */ = {isa = PBXFileReference; lastKnownFileType = file.storyboard; name = Base; path = Base.lproj/Main.storyboard; sourceTree = "<group>"; };
		C5BEC0CC1FF1EE30002FAC5A /* Assets.xcassets */ = {isa = PBXFileReference; lastKnownFileType = folder.assetcatalog; path = Assets.xcassets; sourceTree = "<group>"; };
		C5BEC0CF1FF1EE30002FAC5A /* Base */ = {isa = PBXFileReference; lastKnownFileType = file.storyboard; name = Base; path = Base.lproj/LaunchScreen.storyboard; sourceTree = "<group>"; };
		C5BEC0D11FF1EE30002FAC5A /* Info.plist */ = {isa = PBXFileReference; lastKnownFileType = text.plist.xml; path = Info.plist; sourceTree = "<group>"; };
		C5BEC0D91FF1EEED002FAC5A /* DTCoreText.framework */ = {isa = PBXFileReference; lastKnownFileType = wrapper.framework; path = DTCoreText.framework; sourceTree = "<group>"; };
		C5BEC0DF1FF1EF67002FAC5A /* DUAReader.swift */ = {isa = PBXFileReference; lastKnownFileType = sourcecode.swift; path = DUAReader.swift; sourceTree = "<group>"; };
		C5BEC0E11FF1EF95002FAC5A /* DUAPageViewController.swift */ = {isa = PBXFileReference; lastKnownFileType = sourcecode.swift; path = DUAPageViewController.swift; sourceTree = "<group>"; };
		C5BEC0E31FF1EFAB002FAC5A /* DUABackViewController.swift */ = {isa = PBXFileReference; lastKnownFileType = sourcecode.swift; path = DUABackViewController.swift; sourceTree = "<group>"; };
		C5BEC0E51FF1EFD1002FAC5A /* DUAStatusBar.swift */ = {isa = PBXFileReference; lastKnownFileType = sourcecode.swift; path = DUAStatusBar.swift; sourceTree = "<group>"; };
		C5BEC0EB1FF1F0D6002FAC5A /* DUAChapterModel.swift */ = {isa = PBXFileReference; lastKnownFileType = sourcecode.swift; path = DUAChapterModel.swift; sourceTree = "<group>"; };
		C5BEC0ED1FF1F0EB002FAC5A /* DUAPageModel.swift */ = {isa = PBXFileReference; lastKnownFileType = sourcecode.swift; path = DUAPageModel.swift; sourceTree = "<group>"; };
		C5BEC0EF1FF1F11F002FAC5A /* DUADataParser.swift */ = {isa = PBXFileReference; lastKnownFileType = sourcecode.swift; path = DUADataParser.swift; sourceTree = "<group>"; };
		C5BEC0F11FF1F14D002FAC5A /* DUATextDataParser.swift */ = {isa = PBXFileReference; lastKnownFileType = sourcecode.swift; path = DUATextDataParser.swift; sourceTree = "<group>"; };
		C5BEC0F31FF1F15E002FAC5A /* DUAConfiguration.swift */ = {isa = PBXFileReference; lastKnownFileType = sourcecode.swift; path = DUAConfiguration.swift; sourceTree = "<group>"; };
		C5F49C8A1FF5193F00FDFF3A /* DUATableView.swift */ = {isa = PBXFileReference; lastKnownFileType = sourcecode.swift; path = DUATableView.swift; sourceTree = "<group>"; };
		C5F49C8C1FF5E43500FDFF3A /* DUATableViewCell.swift */ = {isa = PBXFileReference; lastKnownFileType = sourcecode.swift; path = DUATableViewCell.swift; sourceTree = "<group>"; };
/* End PBXFileReference section */

/* Begin PBXFrameworksBuildPhase section */
		C5BEC0BF1FF1EE30002FAC5A /* Frameworks */ = {
			isa = PBXFrameworksBuildPhase;
			buildActionMask = 2147483647;
			files = (
				C5B877C41FFCA318008844C5 /* ZipArchive.framework in Frameworks */,
				C5BEC0DA1FF1EEEE002FAC5A /* DTCoreText.framework in Frameworks */,
				C5B877C61FFCA395008844C5 /* TouchXML.framework in Frameworks */,
				C5B877C21FFCA26E008844C5 /* libxml2.tbd in Frameworks */,
			);
			runOnlyForDeploymentPostprocessing = 0;
		};
/* End PBXFrameworksBuildPhase section */

/* Begin PBXGroup section */
		C5474F291FF363DE005B50B9 /* Frameworks */ = {
			isa = PBXGroup;
			children = (
				C5474F2A1FF363DE005B50B9 /* libxml2.tbd */,
			);
			name = Frameworks;
			sourceTree = "<group>";
		};
		C5915BBA1FFE349300762D80 /* Resources */ = {
			isa = PBXGroup;
			children = (
				C5474F271FF3499D005B50B9 /* 郭黄之恋.txt */,
				C5915BB41FFE2C6D00762D80 /* 每天懂一点好玩心理学.epub */,
			);
			path = Resources;
			sourceTree = "<group>";
		};
		C5B877C71FFCA73D008844C5 /* SwiftLibXML2 */ = {
			isa = PBXGroup;
			children = (
				C5B877C81FFCA786008844C5 /* module.modulemap */,
			);
			path = SwiftLibXML2;
			sourceTree = "<group>";
		};
		C5BEC0B91FF1EE30002FAC5A = {
			isa = PBXGroup;
			children = (
				C5BEC0C41FF1EE30002FAC5A /* DUAReader */,
				C5BEC0C31FF1EE30002FAC5A /* Products */,
				C5474F291FF363DE005B50B9 /* Frameworks */,
			);
			sourceTree = "<group>";
		};
		C5BEC0C31FF1EE30002FAC5A /* Products */ = {
			isa = PBXGroup;
			children = (
				C5BEC0C21FF1EE30002FAC5A /* DUAReader.app */,
			);
			name = Products;
			sourceTree = "<group>";
		};
		C5BEC0C41FF1EE30002FAC5A /* DUAReader */ = {
			isa = PBXGroup;
			children = (
				C5BEC0D71FF1EE9B002FAC5A /* SourceCore */,
				C5BEC0C51FF1EE30002FAC5A /* AppDelegate.swift */,
				C5BEC0C71FF1EE30002FAC5A /* ViewController.swift */,
				C5742F6A20085180000C077E /* BookMarkButton.swift */,
				C5BEC0C91FF1EE30002FAC5A /* Main.storyboard */,
				C5BEC0CC1FF1EE30002FAC5A /* Assets.xcassets */,
				C5BEC0CE1FF1EE30002FAC5A /* LaunchScreen.storyboard */,
				C5BEC0D11FF1EE30002FAC5A /* Info.plist */,
				C5915BBA1FFE349300762D80 /* Resources */,
				C5B877C71FFCA73D008844C5 /* SwiftLibXML2 */,
				C5BEC0D81FF1EEA9002FAC5A /* ThirdKit */,
				C5915BB61FFE347800762D80 /* bottomMenu.xib */,
				C5915BBB1FFF1C3E00762D80 /* topMenu.xib */,
			);
			path = DUAReader;
			sourceTree = "<group>";
		};
		C5BEC0D71FF1EE9B002FAC5A /* SourceCore */ = {
			isa = PBXGroup;
			children = (
				C5BEC0DB1FF1EF28002FAC5A /* Controller */,
				C5BEC0DC1FF1EF33002FAC5A /* Views */,
				C5BEC0DD1FF1EF3A002FAC5A /* DataModel */,
				C5BEC0DE1FF1EF46002FAC5A /* Utils */,
			);
			path = SourceCore;
			sourceTree = "<group>";
		};
		C5BEC0D81FF1EEA9002FAC5A /* ThirdKit */ = {
			isa = PBXGroup;
			children = (
				C5B877C51FFCA395008844C5 /* TouchXML.framework */,
				C5B877C31FFCA318008844C5 /* ZipArchive.framework */,
				C5BEC0D91FF1EEED002FAC5A /* DTCoreText.framework */,
			);
			path = ThirdKit;
			sourceTree = "<group>";
		};
		C5BEC0DB1FF1EF28002FAC5A /* Controller */ = {
			isa = PBXGroup;
			children = (
				C5BEC0DF1FF1EF67002FAC5A /* DUAReader.swift */,
				C5BEC0E11FF1EF95002FAC5A /* DUAPageViewController.swift */,
				C5BEC0E31FF1EFAB002FAC5A /* DUABackViewController.swift */,
				C57026762007590600E2288D /* DUAtranslationController.swift */,
			);
			path = Controller;
			sourceTree = "<group>";
		};
		C5BEC0DC1FF1EF33002FAC5A /* Views */ = {
			isa = PBXGroup;
			children = (
				C5BEC0E51FF1EFD1002FAC5A /* DUAStatusBar.swift */,
				C5F49C8A1FF5193F00FDFF3A /* DUATableView.swift */,
				C5F49C8C1FF5E43500FDFF3A /* DUATableViewCell.swift */,
				C52A9FC7200CA35200676D29 /* DUAAttributedView.swift */,
				C52A9FF42010B90600676D29 /* DUAConVexLensView.swift */,
			);
			path = Views;
			sourceTree = "<group>";
		};
		C5BEC0DD1FF1EF3A002FAC5A /* DataModel */ = {
			isa = PBXGroup;
			children = (
				C5BEC0E91FF1F089002FAC5A /* config */,
				C5BEC0E81FF1F051002FAC5A /* parser */,
				C5BEC0E71FF1F01B002FAC5A /* storage */,
			);
			path = DataModel;
			sourceTree = "<group>";
		};
		C5BEC0DE1FF1EF46002FAC5A /* Utils */ = {
			isa = PBXGroup;
			children = (
				C5474F251FF3430E005B50B9 /* UIView+subScript.swift */,
				C5AD54311FFC78A800366097 /* DUAUtils.swift */,
			);
			path = Utils;
			sourceTree = "<group>";
		};
		C5BEC0E71FF1F01B002FAC5A /* storage */ = {
			isa = PBXGroup;
			children = (
				C5BEC0EB1FF1F0D6002FAC5A /* DUAChapterModel.swift */,
				C5BEC0ED1FF1F0EB002FAC5A /* DUAPageModel.swift */,
			);
			path = storage;
			sourceTree = "<group>";
		};
		C5BEC0E81FF1F051002FAC5A /* parser */ = {
			isa = PBXGroup;
			children = (
				C5BEC0EF1FF1F11F002FAC5A /* DUADataParser.swift */,
				C5BEC0F11FF1F14D002FAC5A /* DUATextDataParser.swift */,
				C5474F2C1FF37078005B50B9 /* DUAEpubDataParser.swift */,
			);
			path = parser;
			sourceTree = "<group>";
		};
		C5BEC0E91FF1F089002FAC5A /* config */ = {
			isa = PBXGroup;
			children = (
				C5BEC0F31FF1F15E002FAC5A /* DUAConfiguration.swift */,
			);
			path = config;
			sourceTree = "<group>";
		};
/* End PBXGroup section */

/* Begin PBXNativeTarget section */
		C5BEC0C11FF1EE30002FAC5A /* DUAReader */ = {
			isa = PBXNativeTarget;
			buildConfigurationList = C5BEC0D41FF1EE30002FAC5A /* Build configuration list for PBXNativeTarget "DUAReader" */;
			buildPhases = (
				C5BEC0BE1FF1EE30002FAC5A /* Sources */,
				C5BEC0BF1FF1EE30002FAC5A /* Frameworks */,
				C5BEC0C01FF1EE30002FAC5A /* Resources */,
			);
			buildRules = (
			);
			dependencies = (
			);
			name = DUAReader;
			productName = DUAReader;
			productReference = C5BEC0C21FF1EE30002FAC5A /* DUAReader.app */;
			productType = "com.apple.product-type.application";
		};
/* End PBXNativeTarget section */

/* Begin PBXProject section */
		C5BEC0BA1FF1EE30002FAC5A /* Project object */ = {
			isa = PBXProject;
			attributes = {
				LastSwiftUpdateCheck = 0900;
				LastUpgradeCheck = 0900;
				ORGANIZATIONNAME = nothot;
				TargetAttributes = {
					C5BEC0C11FF1EE30002FAC5A = {
						CreatedOnToolsVersion = 9.0.1;
						ProvisioningStyle = Automatic;
					};
				};
			};
			buildConfigurationList = C5BEC0BD1FF1EE30002FAC5A /* Build configuration list for PBXProject "DUAReader" */;
			compatibilityVersion = "Xcode 8.0";
			developmentRegion = en;
			hasScannedForEncodings = 0;
			knownRegions = (
				en,
				Base,
			);
			mainGroup = C5BEC0B91FF1EE30002FAC5A;
			productRefGroup = C5BEC0C31FF1EE30002FAC5A /* Products */;
			projectDirPath = "";
			projectRoot = "";
			targets = (
				C5BEC0C11FF1EE30002FAC5A /* DUAReader */,
			);
		};
/* End PBXProject section */

/* Begin PBXResourcesBuildPhase section */
		C5BEC0C01FF1EE30002FAC5A /* Resources */ = {
			isa = PBXResourcesBuildPhase;
			buildActionMask = 2147483647;
			files = (
				C5BEC0D01FF1EE30002FAC5A /* LaunchScreen.storyboard in Resources */,
				C5915BB51FFE2C6D00762D80 /* 每天懂一点好玩心理学.epub in Resources */,
				C5474F281FF3499D005B50B9 /* 郭黄之恋.txt in Resources */,
				C5915BBC1FFF1C3E00762D80 /* topMenu.xib in Resources */,
				C5915BB71FFE347800762D80 /* bottomMenu.xib in Resources */,
				C5BEC0CD1FF1EE30002FAC5A /* Assets.xcassets in Resources */,
				C5BEC0CB1FF1EE30002FAC5A /* Main.storyboard in Resources */,
			);
			runOnlyForDeploymentPostprocessing = 0;
		};
/* End PBXResourcesBuildPhase section */

/* Begin PBXSourcesBuildPhase section */
		C5BEC0BE1FF1EE30002FAC5A /* Sources */ = {
			isa = PBXSourcesBuildPhase;
			buildActionMask = 2147483647;
			files = (
				C5BEC0EC1FF1F0D6002FAC5A /* DUAChapterModel.swift in Sources */,
				C5AD54321FFC78A800366097 /* DUAUtils.swift in Sources */,
				C5BEC0E21FF1EF95002FAC5A /* DUAPageViewController.swift in Sources */,
				C57026772007590600E2288D /* DUAtranslationController.swift in Sources */,
				C5BEC0F41FF1F15E002FAC5A /* DUAConfiguration.swift in Sources */,
				C5F49C8B1FF5193F00FDFF3A /* DUATableView.swift in Sources */,
				C5BEC0F21FF1F14D002FAC5A /* DUATextDataParser.swift in Sources */,
				C5474F261FF3430E005B50B9 /* UIView+subScript.swift in Sources */,
				C5BEC0C81FF1EE30002FAC5A /* ViewController.swift in Sources */,
				C5BEC0E61FF1EFD1002FAC5A /* DUAStatusBar.swift in Sources */,
				C52A9FC8200CA35200676D29 /* DUAAttributedView.swift in Sources */,
				C5BEC0E01FF1EF67002FAC5A /* DUAReader.swift in Sources */,
				C5742F6B20085180000C077E /* BookMarkButton.swift in Sources */,
				C5474F2D1FF37078005B50B9 /* DUAEpubDataParser.swift in Sources */,
				C5BEC0EE1FF1F0EB002FAC5A /* DUAPageModel.swift in Sources */,
				C5BEC0C61FF1EE30002FAC5A /* AppDelegate.swift in Sources */,
				C52A9FF52010B90600676D29 /* DUAConVexLensView.swift in Sources */,
				C5BEC0F01FF1F11F002FAC5A /* DUADataParser.swift in Sources */,
				C5F49C8D1FF5E43500FDFF3A /* DUATableViewCell.swift in Sources */,
				C5BEC0E41FF1EFAB002FAC5A /* DUABackViewController.swift in Sources */,
			);
			runOnlyForDeploymentPostprocessing = 0;
		};
/* End PBXSourcesBuildPhase section */

/* Begin PBXVariantGroup section */
		C5BEC0C91FF1EE30002FAC5A /* Main.storyboard */ = {
			isa = PBXVariantGroup;
			children = (
				C5BEC0CA1FF1EE30002FAC5A /* Base */,
			);
			name = Main.storyboard;
			sourceTree = "<group>";
		};
		C5BEC0CE1FF1EE30002FAC5A /* LaunchScreen.storyboard */ = {
			isa = PBXVariantGroup;
			children = (
				C5BEC0CF1FF1EE30002FAC5A /* Base */,
			);
			name = LaunchScreen.storyboard;
			sourceTree = "<group>";
		};
/* End PBXVariantGroup section */

/* Begin XCBuildConfiguration section */
		C5BEC0D21FF1EE30002FAC5A /* Debug */ = {
			isa = XCBuildConfiguration;
			buildSettings = {
				ALWAYS_SEARCH_USER_PATHS = NO;
				CLANG_ANALYZER_NONNULL = YES;
				CLANG_ANALYZER_NUMBER_OBJECT_CONVERSION = YES_AGGRESSIVE;
				CLANG_CXX_LANGUAGE_STANDARD = "gnu++14";
				CLANG_CXX_LIBRARY = "libc++";
				CLANG_ENABLE_MODULES = YES;
				CLANG_ENABLE_OBJC_ARC = YES;
				CLANG_WARN_BLOCK_CAPTURE_AUTORELEASING = YES;
				CLANG_WARN_BOOL_CONVERSION = YES;
				CLANG_WARN_COMMA = YES;
				CLANG_WARN_CONSTANT_CONVERSION = YES;
				CLANG_WARN_DIRECT_OBJC_ISA_USAGE = YES_ERROR;
				CLANG_WARN_DOCUMENTATION_COMMENTS = YES;
				CLANG_WARN_EMPTY_BODY = YES;
				CLANG_WARN_ENUM_CONVERSION = YES;
				CLANG_WARN_INFINITE_RECURSION = YES;
				CLANG_WARN_INT_CONVERSION = YES;
				CLANG_WARN_NON_LITERAL_NULL_CONVERSION = YES;
				CLANG_WARN_OBJC_LITERAL_CONVERSION = YES;
				CLANG_WARN_OBJC_ROOT_CLASS = YES_ERROR;
				CLANG_WARN_RANGE_LOOP_ANALYSIS = YES;
				CLANG_WARN_STRICT_PROTOTYPES = YES;
				CLANG_WARN_SUSPICIOUS_MOVE = YES;
				CLANG_WARN_UNGUARDED_AVAILABILITY = YES_AGGRESSIVE;
				CLANG_WARN_UNREACHABLE_CODE = YES;
				CLANG_WARN__DUPLICATE_METHOD_MATCH = YES;
				CODE_SIGN_IDENTITY = "iPhone Developer";
				COPY_PHASE_STRIP = NO;
				DEBUG_INFORMATION_FORMAT = dwarf;
				ENABLE_STRICT_OBJC_MSGSEND = YES;
				ENABLE_TESTABILITY = YES;
				GCC_C_LANGUAGE_STANDARD = gnu11;
				GCC_DYNAMIC_NO_PIC = NO;
				GCC_NO_COMMON_BLOCKS = YES;
				GCC_OPTIMIZATION_LEVEL = 0;
				GCC_PREPROCESSOR_DEFINITIONS = (
					"DEBUG=1",
					"$(inherited)",
				);
				GCC_WARN_64_TO_32_BIT_CONVERSION = YES;
				GCC_WARN_ABOUT_RETURN_TYPE = YES_ERROR;
				GCC_WARN_UNDECLARED_SELECTOR = YES;
				GCC_WARN_UNINITIALIZED_AUTOS = YES_AGGRESSIVE;
				GCC_WARN_UNUSED_FUNCTION = YES;
				GCC_WARN_UNUSED_VARIABLE = YES;
				IPHONEOS_DEPLOYMENT_TARGET = 11.0;
				MTL_ENABLE_DEBUG_INFO = YES;
				ONLY_ACTIVE_ARCH = YES;
				SDKROOT = iphoneos;
				SWIFT_ACTIVE_COMPILATION_CONDITIONS = DEBUG;
				SWIFT_OPTIMIZATION_LEVEL = "-Onone";
			};
			name = Debug;
		};
		C5BEC0D31FF1EE30002FAC5A /* Release */ = {
			isa = XCBuildConfiguration;
			buildSettings = {
				ALWAYS_SEARCH_USER_PATHS = NO;
				CLANG_ANALYZER_NONNULL = YES;
				CLANG_ANALYZER_NUMBER_OBJECT_CONVERSION = YES_AGGRESSIVE;
				CLANG_CXX_LANGUAGE_STANDARD = "gnu++14";
				CLANG_CXX_LIBRARY = "libc++";
				CLANG_ENABLE_MODULES = YES;
				CLANG_ENABLE_OBJC_ARC = YES;
				CLANG_WARN_BLOCK_CAPTURE_AUTORELEASING = YES;
				CLANG_WARN_BOOL_CONVERSION = YES;
				CLANG_WARN_COMMA = YES;
				CLANG_WARN_CONSTANT_CONVERSION = YES;
				CLANG_WARN_DIRECT_OBJC_ISA_USAGE = YES_ERROR;
				CLANG_WARN_DOCUMENTATION_COMMENTS = YES;
				CLANG_WARN_EMPTY_BODY = YES;
				CLANG_WARN_ENUM_CONVERSION = YES;
				CLANG_WARN_INFINITE_RECURSION = YES;
				CLANG_WARN_INT_CONVERSION = YES;
				CLANG_WARN_NON_LITERAL_NULL_CONVERSION = YES;
				CLANG_WARN_OBJC_LITERAL_CONVERSION = YES;
				CLANG_WARN_OBJC_ROOT_CLASS = YES_ERROR;
				CLANG_WARN_RANGE_LOOP_ANALYSIS = YES;
				CLANG_WARN_STRICT_PROTOTYPES = YES;
				CLANG_WARN_SUSPICIOUS_MOVE = YES;
				CLANG_WARN_UNGUARDED_AVAILABILITY = YES_AGGRESSIVE;
				CLANG_WARN_UNREACHABLE_CODE = YES;
				CLANG_WARN__DUPLICATE_METHOD_MATCH = YES;
				CODE_SIGN_IDENTITY = "iPhone Developer";
				COPY_PHASE_STRIP = NO;
				DEBUG_INFORMATION_FORMAT = "dwarf-with-dsym";
				ENABLE_NS_ASSERTIONS = NO;
				ENABLE_STRICT_OBJC_MSGSEND = YES;
				GCC_C_LANGUAGE_STANDARD = gnu11;
				GCC_NO_COMMON_BLOCKS = YES;
				GCC_WARN_64_TO_32_BIT_CONVERSION = YES;
				GCC_WARN_ABOUT_RETURN_TYPE = YES_ERROR;
				GCC_WARN_UNDECLARED_SELECTOR = YES;
				GCC_WARN_UNINITIALIZED_AUTOS = YES_AGGRESSIVE;
				GCC_WARN_UNUSED_FUNCTION = YES;
				GCC_WARN_UNUSED_VARIABLE = YES;
				IPHONEOS_DEPLOYMENT_TARGET = 11.0;
				MTL_ENABLE_DEBUG_INFO = NO;
				SDKROOT = iphoneos;
				SWIFT_OPTIMIZATION_LEVEL = "-Owholemodule";
				VALIDATE_PRODUCT = YES;
			};
			name = Release;
		};
		C5BEC0D51FF1EE30002FAC5A /* Debug */ = {
			isa = XCBuildConfiguration;
			buildSettings = {
				ASSETCATALOG_COMPILER_APPICON_NAME = AppIcon;
				CLANG_ALLOW_NON_MODULAR_INCLUDES_IN_FRAMEWORK_MODULES = NO;
				CODE_SIGN_STYLE = Automatic;
				FRAMEWORK_SEARCH_PATHS = (
					"$(inherited)",
					"$(PROJECT_DIR)/DUAReader/ThirdKit",
				);
				HEADER_SEARCH_PATHS = (
					/usr/include/libxml2,
					"$(SRCROOT)/DUAReader/SwiftLibXML2",
				);
				INFOPLIST_FILE = DUAReader/Info.plist;
				IPHONEOS_DEPLOYMENT_TARGET = 8.0;
				LD_RUNPATH_SEARCH_PATHS = "$(inherited) @executable_path/Frameworks";
				OTHER_LDFLAGS = "-ObjC";
				PRODUCT_BUNDLE_IDENTIFIER = com.duan.DUAReader;
				PRODUCT_NAME = "$(TARGET_NAME)";
				SWIFT_INCLUDE_PATHS = "";
				SWIFT_VERSION = 4.0;
				TARGETED_DEVICE_FAMILY = "1,2";
			};
			name = Debug;
		};
		C5BEC0D61FF1EE30002FAC5A /* Release */ = {
			isa = XCBuildConfiguration;
			buildSettings = {
				ASSETCATALOG_COMPILER_APPICON_NAME = AppIcon;
				CLANG_ALLOW_NON_MODULAR_INCLUDES_IN_FRAMEWORK_MODULES = NO;
				CODE_SIGN_STYLE = Automatic;
				FRAMEWORK_SEARCH_PATHS = (
					"$(inherited)",
					"$(PROJECT_DIR)/DUAReader/ThirdKit",
				);
				HEADER_SEARCH_PATHS = (
					/usr/include/libxml2,
					"$(SRCROOT)/DUAReader/SwiftLibXML2",
				);
				INFOPLIST_FILE = DUAReader/Info.plist;
				IPHONEOS_DEPLOYMENT_TARGET = 8.0;
				LD_RUNPATH_SEARCH_PATHS = "$(inherited) @executable_path/Frameworks";
				OTHER_LDFLAGS = "-ObjC";
				PRODUCT_BUNDLE_IDENTIFIER = com.duan.DUAReader;
				PRODUCT_NAME = "$(TARGET_NAME)";
				SWIFT_INCLUDE_PATHS = "";
				SWIFT_VERSION = 4.0;
				TARGETED_DEVICE_FAMILY = "1,2";
			};
			name = Release;
		};
/* End XCBuildConfiguration section */

/* Begin XCConfigurationList section */
		C5BEC0BD1FF1EE30002FAC5A /* Build configuration list for PBXProject "DUAReader" */ = {
			isa = XCConfigurationList;
			buildConfigurations = (
				C5BEC0D21FF1EE30002FAC5A /* Debug */,
				C5BEC0D31FF1EE30002FAC5A /* Release */,
			);
			defaultConfigurationIsVisible = 0;
			defaultConfigurationName = Release;
		};
		C5BEC0D41FF1EE30002FAC5A /* Build configuration list for PBXNativeTarget "DUAReader" */ = {
			isa = XCConfigurationList;
			buildConfigurations = (
				C5BEC0D51FF1EE30002FAC5A /* Debug */,
				C5BEC0D61FF1EE30002FAC5A /* Release */,
			);
			defaultConfigurationIsVisible = 0;
			defaultConfigurationName = Release;
		};
/* End XCConfigurationList section */
	};
	rootObject = C5BEC0BA1FF1EE30002FAC5A /* Project object */;
}
